
Microsoft Visual Studio Solution File, Format Version 12.00
# Visual Studio Version 16
VisualStudioVersion = 16.0.34407.143
MinimumVisualStudioVersion = 10.0.40219.1
Project("{FAE04EC0-301F-11D3-BF4B-00C04F79EFBC}") = "SalesWebMvc", "SalesWebMvc\SalesWebMvc.csproj", "{C7F18020-2911-4937-92AE-CBF096E38B05}"
EndProject
Global
	GlobalSection(SolutionConfigurationPlatforms) = preSolution
		Debug|Any CPU = Debug|Any CPU
		Release|Any CPU = Release|Any CPU
	EndGlobalSection
	GlobalSection(ProjectConfigurationPlatforms) = postSolution
		{C7F18020-2911-4937-92AE-CBF096E38B05}.Debug|Any CPU.ActiveCfg = Debug|Any CPU
		{C7F18020-2911-4937-92AE-CBF096E38B05}.Debug|Any CPU.Build.0 = Debug|Any CPU
		{C7F18020-2911-4937-92AE-CBF096E38B05}.Release|Any CPU.ActiveCfg = Release|Any CPU
		{C7F18020-2911-4937-92AE-CBF096E38B05}.Release|Any CPU.Build.0 = Release|Any CPU
	EndGlobalSection
	GlobalSection(SolutionProperties) = preSolution
		HideSolutionNode = FALSE
	EndGlobalSection
	GlobalSection(ExtensibilityGlobals) = postSolution
		SolutionGuid = {26AE4CEE-81F6-4E49-97D4-3E598D1B9446}
	EndGlobalSection
EndGlobal
